<?xml version="1.0" encoding="utf-8"?>
<Project ToolsVersion="4.0" xmlns="http://schemas.microsoft.com/developer/msbuild/2003">
  <ItemGroup>
    <Filter Include="源文件">
      <UniqueIdentifier>{4FC737F1-C7A5-4376-A066-2A32D752A2FF}</UniqueIdentifier>
      <Extensions>cpp;c;cc;cxx;def;odl;idl;hpj;bat;asm;asmx</Extensions>
    </Filter>
    <Filter Include="头文件">
      <UniqueIdentifier>{93995380-89BD-4b04-88EB-625FBE52EBFB}</UniqueIdentifier>
      <Extensions>h;hpp;hxx;hm;inl;inc;xsd</Extensions>
    </Filter>
    <Filter Include="资源文件">
      <UniqueIdentifier>{67DA6AB6-F800-4c08-8B7A-83BB121AAD01}</UniqueIdentifier>
      <Extensions>rc;ico;cur;bmp;dlg;rc2;rct;bin;rgs;gif;jpg;jpeg;jpe;resx;tiff;tif;png;wav;mfcribbon-ms</Extensions>
    </Filter>
    <Filter Include="C03_LinkedList">
      <UniqueIdentifier>{d530727a-238d-4f59-bf74-e304e3f7bcb2}</UniqueIdentifier>
    </Filter>
    <Filter Include="C04_Stack">
      <UniqueIdentifier>{a810c011-2511-4049-8742-589c82112afa}</UniqueIdentifier>
    </Filter>
  </ItemGroup>
  <ItemGroup>
    <ClCompile Include="main.cpp">
      <Filter>源文件</Filter>
    </ClCompile>
    <ClCompile Include="IntSLList.cpp">
      <Filter>C03_LinkedList</Filter>
    </ClCompile>
    <ClCompile Include="GenStack.cpp">
      <Filter>C04_Stack</Filter>
    </ClCompile>
  </ItemGroup>
  <ItemGroup>
    <ClInclude Include="IntSLList.h">
      <Filter>C03_LinkedList</Filter>
    </ClInclude>
    <ClInclude Include="GenStack.h">
      <Filter>C04_Stack</Filter>
    </ClInclude>
    <ClInclude Include="DLList.h">
      <Filter>C03_LinkedList</Filter>
    </ClInclude>
  </ItemGroup>
</Project>